
Microsoft Visual Studio Solution File, Format Version 12.00
# Visual Studio Version 16
VisualStudioVersion = 16.0.29102.190
MinimumVisualStudioVersion = 10.0.40219.1
Project("{FAE04EC0-301F-11D3-BF4B-00C04F79EFBC}") = "APItest.Android", "APItest\APItest.Android\APItest.Android.csproj", "{D4EC641C-6282-4D00-A20D-A8AEC401829E}"
EndProject
Project("{FAE04EC0-301F-11D3-BF4B-00C04F79EFBC}") = "APItest.iOS", "APItest\APItest.iOS\APItest.iOS.csproj", "{63A4C0ED-C22A-4389-BE11-8ECB7FBD04A6}"
EndProject
Project("{FAE04EC0-301F-11D3-BF4B-00C04F79EFBC}") = "APItest", "APItest\APItest\APItest.csproj", "{130E857B-6CBB-46D5-8053-6E583B709D0E}"
EndProject
Global
	GlobalSection(SolutionConfigurationPlatforms) = preSolution
		Debug|Any CPU = Debug|Any CPU
		Debug|iPhone = Debug|iPhone
		Debug|iPhoneSimulator = Debug|iPhoneSimulator
		Release|Any CPU = Release|Any CPU
		Release|iPhone = Release|iPhone
		Release|iPhoneSimulator = Release|iPhoneSimulator
	EndGlobalSection
	GlobalSection(ProjectConfigurationPlatforms) = postSolution
		{D4EC641C-6282-4D00-A20D-A8AEC401829E}.Debug|Any CPU.ActiveCfg = Debug|Any CPU
		{D4EC641C-6282-4D00-A20D-A8AEC401829E}.Debug|Any CPU.Build.0 = Debug|Any CPU
		{D4EC641C-6282-4D00-A20D-A8AEC401829E}.Debug|Any CPU.Deploy.0 = Debug|Any CPU
		{D4EC641C-6282-4D00-A20D-A8AEC401829E}.Debug|iPhone.ActiveCfg = Debug|Any CPU
		{D4EC641C-6282-4D00-A20D-A8AEC401829E}.Debug|iPhone.Build.0 = Debug|Any CPU
		{D4EC641C-6282-4D00-A20D-A8AEC401829E}.Debug|iPhone.Deploy.0 = Debug|Any CPU
		{D4EC641C-6282-4D00-A20D-A8AEC401829E}.Debug|iPhoneSimulator.ActiveCfg = Debug|Any CPU
		{D4EC641C-6282-4D00-A20D-A8AEC401829E}.Debug|iPhoneSimulator.Build.0 = Debug|Any CPU
		{D4EC641C-6282-4D00-A20D-A8AEC401829E}.Debug|iPhoneSimulator.Deploy.0 = Debug|Any CPU
		{D4EC641C-6282-4D00-A20D-A8AEC401829E}.Release|Any CPU.ActiveCfg = Release|Any CPU
		{D4EC641C-6282-4D00-A20D-A8AEC401829E}.Release|Any CPU.Build.0 = Release|Any CPU
		{D4EC641C-6282-4D00-A20D-A8AEC401829E}.Release|Any CPU.Deploy.0 = Release|Any CPU
		{D4EC641C-6282-4D00-A20D-A8AEC401829E}.Release|iPhone.ActiveCfg = Release|Any CPU
		{D4EC641C-6282-4D00-A20D-A8AEC401829E}.Release|iPhone.Build.0 = Release|Any CPU
		{D4EC641C-6282-4D00-A20D-A8AEC401829E}.Release|iPhone.Deploy.0 = Release|Any CPU
		{D4EC641C-6282-4D00-A20D-A8AEC401829E}.Release|iPhoneSimulator.ActiveCfg = Release|Any CPU
		{D4EC641C-6282-4D00-A20D-A8AEC401829E}.Release|iPhoneSimulator.Build.0 = Release|Any CPU
		{D4EC641C-6282-4D00-A20D-A8AEC401829E}.Release|iPhoneSimulator.Deploy.0 = Release|Any CPU
		{63A4C0ED-C22A-4389-BE11-8ECB7FBD04A6}.Debug|Any CPU.ActiveCfg = Debug|iPhoneSimulator
		{63A4C0ED-C22A-4389-BE11-8ECB7FBD04A6}.Debug|Any CPU.Build.0 = Debug|iPhoneSimulator
		{63A4C0ED-C22A-4389-BE11-8ECB7FBD04A6}.Debug|Any CPU.Deploy.0 = Debug|iPhoneSimulator
		{63A4C0ED-C22A-4389-BE11-8ECB7FBD04A6}.Debug|iPhone.ActiveCfg = Debug|iPhone
		{63A4C0ED-C22A-4389-BE11-8ECB7FBD04A6}.Debug|iPhone.Build.0 = Debug|iPhone
		{63A4C0ED-C22A-4389-BE11-8ECB7FBD04A6}.Debug|iPhone.Deploy.0 = Debug|iPhone
		{63A4C0ED-C22A-4389-BE11-8ECB7FBD04A6}.Debug|iPhoneSimulator.ActiveCfg = Debug|iPhoneSimulator
		{63A4C0ED-C22A-4389-BE11-8ECB7FBD04A6}.Debug|iPhoneSimulator.Build.0 = Debug|iPhoneSimulator
		{63A4C0ED-C22A-4389-BE11-8ECB7FBD04A6}.Debug|iPhoneSimulator.Deploy.0 = Debug|iPhoneSimulator
		{63A4C0ED-C22A-4389-BE11-8ECB7FBD04A6}.Release|Any CPU.ActiveCfg = Release|iPhone
		{63A4C0ED-C22A-4389-BE11-8ECB7FBD04A6}.Release|Any CPU.Build.0 = Release|iPhone
		{63A4C0ED-C22A-4389-BE11-8ECB7FBD04A6}.Release|Any CPU.Deploy.0 = Release|iPhone
		{63A4C0ED-C22A-4389-BE11-8ECB7FBD04A6}.Release|iPhone.ActiveCfg = Release|iPhone
		{63A4C0ED-C22A-4389-BE11-8ECB7FBD04A6}.Release|iPhone.Build.0 = Release|iPhone
		{63A4C0ED-C22A-4389-BE11-8ECB7FBD04A6}.Release|iPhone.Deploy.0 = Release|iPhone
		{63A4C0ED-C22A-4389-BE11-8ECB7FBD04A6}.Release|iPhoneSimulator.ActiveCfg = Release|iPhoneSimulator
		{63A4C0ED-C22A-4389-BE11-8ECB7FBD04A6}.Release|iPhoneSimulator.Build.0 = Release|iPhoneSimulator
		{63A4C0ED-C22A-4389-BE11-8ECB7FBD04A6}.Release|iPhoneSimulator.Deploy.0 = Release|iPhoneSimulator
		{130E857B-6CBB-46D5-8053-6E583B709D0E}.Debug|Any CPU.ActiveCfg = Debug|Any CPU
		{130E857B-6CBB-46D5-8053-6E583B709D0E}.Debug|Any CPU.Build.0 = Debug|Any CPU
		{130E857B-6CBB-46D5-8053-6E583B709D0E}.Debug|Any CPU.Deploy.0 = Debug|Any CPU
		{130E857B-6CBB-46D5-8053-6E583B709D0E}.Debug|iPhone.ActiveCfg = Debug|Any CPU
		{130E857B-6CBB-46D5-8053-6E583B709D0E}.Debug|iPhone.Build.0 = Debug|Any CPU
		{130E857B-6CBB-46D5-8053-6E583B709D0E}.Debug|iPhone.Deploy.0 = Debug|Any CPU
		{130E857B-6CBB-46D5-8053-6E583B709D0E}.Debug|iPhoneSimulator.ActiveCfg = Debug|Any CPU
		{130E857B-6CBB-46D5-8053-6E583B709D0E}.Debug|iPhoneSimulator.Build.0 = Debug|Any CPU
		{130E857B-6CBB-46D5-8053-6E583B709D0E}.Debug|iPhoneSimulator.Deploy.0 = Debug|Any CPU
		{130E857B-6CBB-46D5-8053-6E583B709D0E}.Release|Any CPU.ActiveCfg = Release|Any CPU
		{130E857B-6CBB-46D5-8053-6E583B709D0E}.Release|Any CPU.Build.0 = Release|Any CPU
		{130E857B-6CBB-46D5-8053-6E583B709D0E}.Release|Any CPU.Deploy.0 = Release|Any CPU
		{130E857B-6CBB-46D5-8053-6E583B709D0E}.Release|iPhone.ActiveCfg = Release|Any CPU
		{130E857B-6CBB-46D5-8053-6E583B709D0E}.Release|iPhone.Build.0 = Release|Any CPU
		{130E857B-6CBB-46D5-8053-6E583B709D0E}.Release|iPhone.Deploy.0 = Release|Any CPU
		{130E857B-6CBB-46D5-8053-6E583B709D0E}.Release|iPhoneSimulator.ActiveCfg = Release|Any CPU
		{130E857B-6CBB-46D5-8053-6E583B709D0E}.Release|iPhoneSimulator.Build.0 = Release|Any CPU
		{130E857B-6CBB-46D5-8053-6E583B709D0E}.Release|iPhoneSimulator.Deploy.0 = Release|Any CPU
	EndGlobalSection
	GlobalSection(SolutionProperties) = preSolution
		HideSolutionNode = FALSE
	EndGlobalSection
	GlobalSection(ExtensibilityGlobals) = postSolution
		SolutionGuid = {671D6135-64AE-45A1-AD71-18B42EB67AE3}
	EndGlobalSection
EndGlobal
